// !$*UTF8*$!
{
	archiveVersion = 1;
	classes = {
	};
	objectVersion = 46;
	objects = {

/* Begin PBXBuildFile section */
		5DD7E5601BB12188000C28DD /* main.m in Sources */ = {isa = PBXBuildFile; fileRef = 5DD7E55F1BB12188000C28DD /* main.m */; };
		5DD7E5631BB12188000C28DD /* AppDelegate.m in Sources */ = {isa = PBXBuildFile; fileRef = 5DD7E5621BB12188000C28DD /* AppDelegate.m */; };
		5DD7E5661BB12188000C28DD /* ViewController.m in Sources */ = {isa = PBXBuildFile; fileRef = 5DD7E5651BB12188000C28DD /* ViewController.m */; };
		5DD7E5691BB12188000C28DD /* Main.storyboard in Resources */ = {isa = PBXBuildFile; fileRef = 5DD7E5671BB12188000C28DD /* Main.storyboard */; };
		5DD7E56B1BB12188000C28DD /* Assets.xcassets in Resources */ = {isa = PBXBuildFile; fileRef = 5DD7E56A1BB12188000C28DD /* Assets.xcassets */; };
		5DD7E56E1BB12188000C28DD /* LaunchScreen.storyboard in Resources */ = {isa = PBXBuildFile; fileRef = 5DD7E56C1BB12188000C28DD /* LaunchScreen.storyboard */; };
		5DD7E5771BB121C9000C28DD /* UIViewController+RuntimeTest.m in Sources */ = {isa = PBXBuildFile; fileRef = 5DD7E5761BB121C9000C28DD /* UIViewController+RuntimeTest.m */; settings = {ASSET_TAGS = (); }; };
/* End PBXBuildFile section */

/* Begin PBXFileReference section */
		5DD7E55B1BB12188000C28DD /* runtime05.app */ = {isa = PBXFileReference; explicitFileType = wrapper.application; includeInIndex = 0; path = runtime05.app; sourceTree = BUILT_PRODUCTS_DIR; };
		5DD7E55F1BB12188000C28DD /* main.m */ = {isa = PBXFileReference; lastKnownFileType = sourcecode.c.objc; path = main.m; sourceTree = "<group>"; };
		5DD7E5611BB12188000C28DD /* AppDelegate.h */ = {isa = PBXFileReference; lastKnownFileType = sourcecode.c.h; path = AppDelegate.h; sourceTree = "<group>"; };
		5DD7E5621BB12188000C28DD /* AppDelegate.m */ = {isa = PBXFileReference; lastKnownFileType = sourcecode.c.objc; path = AppDelegate.m; sourceTree = "<group>"; };
		5DD7E5641BB12188000C28DD /* ViewController.h */ = {isa = PBXFileReference; lastKnownFileType = sourcecode.c.h; path = ViewController.h; sourceTree = "<group>"; };
		5DD7E5651BB12188000C28DD /* ViewController.m */ = {isa = PBXFileReference; lastKnownFileType = sourcecode.c.objc; path = ViewController.m; sourceTree = "<group>"; };
		5DD7E5681BB12188000C28DD /* Base */ = {isa = PBXFileReference; lastKnownFileType = file.storyboard; name = Base; path = Base.lproj/Main.storyboard; sourceTree = "<group>"; };
		5DD7E56A1BB12188000C28DD /* Assets.xcassets */ = {isa = PBXFileReference; lastKnownFileType = folder.assetcatalog; path = Assets.xcassets; sourceTree = "<group>"; };
		5DD7E56D1BB12188000C28DD /* Base */ = {isa = PBXFileReference; lastKnownFileType = file.storyboard; name = Base; path = Base.lproj/LaunchScreen.storyboard; sourceTree = "<group>"; };
		5DD7E56F1BB12188000C28DD /* Info.plist */ = {isa = PBXFileReference; lastKnownFileType = text.plist.xml; path = Info.plist; sourceTree = "<group>"; };
		5DD7E5751BB121C9000C28DD /* UIViewController+RuntimeTest.h */ = {isa = PBXFileReference; fileEncoding = 4; lastKnownFileType = sourcecode.c.h; path = "UIViewController+RuntimeTest.h"; sourceTree = "<group>"; };
		5DD7E5761BB121C9000C28DD /* UIViewController+RuntimeTest.m */ = {isa = PBXFileReference; fileEncoding = 4; lastKnownFileType = sourcecode.c.objc; path = "UIViewController+RuntimeTest.m"; sourceTree = "<group>"; };
/* End PBXFileReference section */

/* Begin PBXFrameworksBuildPhase section */
		5DD7E5581BB12188000C28DD /* Frameworks */ = {
			isa = PBXFrameworksBuildPhase;
			buildActionMask = 2147483647;
			files = (
			);
			runOnlyForDeploymentPostprocessing = 0;
		};
/* End PBXFrameworksBuildPhase section */

/* Begin PBXGroup section */
		5DD7E5521BB12187000C28DD = {
			isa = PBXGroup;
			children = (
				5DD7E55D1BB12188000C28DD /* runtime05 */,
				5DD7E55C1BB12188000C28DD /* Products */,
			);
			sourceTree = "<group>";
		};
		5DD7E55C1BB12188000C28DD /* Products */ = {
			isa = PBXGroup;
			children = (
				5DD7E55B1BB12188000C28DD /* runtime05.app */,
			);
			name = Products;
			sourceTree = "<group>";
		};
		5DD7E55D1BB12188000C28DD /* runtime05 */ = {
			isa = PBXGroup;
			children = (
				5DD7E5611BB12188000C28DD /* AppDelegate.h */,
				5DD7E5621BB12188000C28DD /* AppDelegate.m */,
				5DD7E5751BB121C9000C28DD /* UIViewController+RuntimeTest.h */,
				5DD7E5761BB121C9000C28DD /* UIViewController+RuntimeTest.m */,
				5DD7E5641BB12188000C28DD /* ViewController.h */,
				5DD7E5651BB12188000C28DD /* ViewController.m */,
				5DD7E5671BB12188000C28DD /* Main.storyboard */,
				5DD7E56A1BB12188000C28DD /* Assets.xcassets */,
				5DD7E56C1BB12188000C28DD /* LaunchScreen.storyboard */,
				5DD7E56F1BB12188000C28DD /* Info.plist */,
				5DD7E55E1BB12188000C28DD /* Supporting Files */,
			);
			path = runtime05;
			sourceTree = "<group>";
		};
		5DD7E55E1BB12188000C28DD /* Supporting Files */ = {
			isa = PBXGroup;
			children = (
				5DD7E55F1BB12188000C28DD /* main.m */,
			);
			name = "Supporting Files";
			sourceTree = "<group>";
		};
/* End PBXGroup section */

/* Begin PBXNativeTarget section */
		5DD7E55A1BB12188000C28DD /* runtime05 */ = {
			isa = PBXNativeTarget;
			buildConfigurationList = 5DD7E5721BB12188000C28DD /* Build configuration list for PBXNativeTarget "runtime05" */;
			buildPhases = (
				5DD7E5571BB12188000C28DD /* Sources */,
				5DD7E5581BB12188000C28DD /* Frameworks */,
				5DD7E5591BB12188000C28DD /* Resources */,
			);
			buildRules = (
			);
			dependencies = (
			);
			name = runtime05;
			productName = runtime05;
			productReference = 5DD7E55B1BB12188000C28DD /* runtime05.app */;
			productType = "com.apple.product-type.application";
		};
/* End PBXNativeTarget section */

/* Begin PBXProject section */
		5DD7E5531BB12188000C28DD /* Project object */ = {
			isa = PBXProject;
			attributes = {
				LastUpgradeCheck = 0700;
				ORGANIZATIONNAME = "邱成西";
				TargetAttributes = {
					5DD7E55A1BB12188000C28DD = {
						CreatedOnToolsVersion = 7.0;
					};
				};
			};
			buildConfigurationList = 5DD7E5561BB12188000C28DD /* Build configuration list for PBXProject "runtime05" */;
			compatibilityVersion = "Xcode 3.2";
			developmentRegion = English;
			hasScannedForEncodings = 0;
			knownRegions = (
				en,
				Base,
			);
			mainGroup = 5DD7E5521BB12187000C28DD;
			productRefGroup = 5DD7E55C1BB12188000C28DD /* Products */;
			projectDirPath = "";
			projectRoot = "";
			targets = (
				5DD7E55A1BB12188000C28DD /* runtime05 */,
			);
		};
/* End PBXProject section */

/* Begin PBXResourcesBuildPhase section */
		5DD7E5591BB12188000C28DD /* Resources */ = {
			isa = PBXResourcesBuildPhase;
			buildActionMask = 2147483647;
			files = (
				5DD7E56E1BB12188000C28DD /* LaunchScreen.storyboard in Resources */,
				5DD7E56B1BB12188000C28DD /* Assets.xcassets in Resources */,
				5DD7E5691BB12188000C28DD /* Main.storyboard in Resources */,
			);
			runOnlyForDeploymentPostprocessing = 0;
		};
/* End PBXResourcesBuildPhase section */

/* Begin PBXSourcesBuildPhase section */
		5DD7E5571BB12188000C28DD /* Sources */ = {
			isa = PBXSourcesBuildPhase;
			buildActionMask = 2147483647;
			files = (
				5DD7E5661BB12188000C28DD /* ViewController.m in Sources */,
				5DD7E5771BB121C9000C28DD /* UIViewController+RuntimeTest.m in Sources */,
				5DD7E5631BB12188000C28DD /* AppDelegate.m in Sources */,
				5DD7E5601BB12188000C28DD /* main.m in Sources */,
			);
			runOnlyForDeploymentPostprocessing = 0;
		};
/* End PBXSourcesBuildPhase section */

/* Begin PBXVariantGroup section */
		5DD7E5671BB12188000C28DD /* Main.storyboard */ = {
			isa = PBXVariantGroup;
			children = (
				5DD7E5681BB12188000C28DD /* Base */,
			);
			name = Main.storyboard;
			sourceTree = "<group>";
		};
		5DD7E56C1BB12188000C28DD /* LaunchScreen.storyboard */ = {
			isa = PBXVariantGroup;
			children = (
				5DD7E56D1BB12188000C28DD /* Base */,
			);
			name = LaunchScreen.storyboard;
			sourceTree = "<group>";
		};
/* End PBXVariantGroup section */

/* Begin XCBuildConfiguration section */
		5DD7E5701BB12188000C28DD /* Debug */ = {
			isa = XCBuildConfiguration;
			buildSettings = {
				ALWAYS_SEARCH_USER_PATHS = NO;
				CLANG_CXX_LANGUAGE_STANDARD = "gnu++0x";
				CLANG_CXX_LIBRARY = "libc++";
				CLANG_ENABLE_MODULES = YES;
				CLANG_ENABLE_OBJC_ARC = YES;
				CLANG_WARN_BOOL_CONVERSION = YES;
				CLANG_WARN_CONSTANT_CONVERSION = YES;
				CLANG_WARN_DIRECT_OBJC_ISA_USAGE = YES_ERROR;
				CLANG_WARN_EMPTY_BODY = YES;
				CLANG_WARN_ENUM_CONVERSION = YES;
				CLANG_WARN_INT_CONVERSION = YES;
				CLANG_WARN_OBJC_ROOT_CLASS = YES_ERROR;
				CLANG_WARN_UNREACHABLE_CODE = YES;
				CLANG_WARN__DUPLICATE_METHOD_MATCH = YES;
				"CODE_SIGN_IDENTITY[sdk=iphoneos*]" = "iPhone Developer";
				COPY_PHASE_STRIP = NO;
				DEBUG_INFORMATION_FORMAT = dwarf;
				ENABLE_STRICT_OBJC_MSGSEND = YES;
				ENABLE_TESTABILITY = YES;
				GCC_C_LANGUAGE_STANDARD = gnu99;
				GCC_DYNAMIC_NO_PIC = NO;
				GCC_NO_COMMON_BLOCKS = YES;
				GCC_OPTIMIZATION_LEVEL = 0;
				GCC_PREPROCESSOR_DEFINITIONS = (
					"DEBUG=1",
					"$(inherited)",
				);
				GCC_WARN_64_TO_32_BIT_CONVERSION = YES;
				GCC_WARN_ABOUT_RETURN_TYPE = YES_ERROR;
				GCC_WARN_UNDECLARED_SELECTOR = YES;
				GCC_WARN_UNINITIALIZED_AUTOS = YES_AGGRESSIVE;
				GCC_WARN_UNUSED_FUNCTION = YES;
				GCC_WARN_UNUSED_VARIABLE = YES;
				IPHONEOS_DEPLOYMENT_TARGET = 9.0;
				MTL_ENABLE_DEBUG_INFO = YES;
				ONLY_ACTIVE_ARCH = YES;
				SDKROOT = iphoneos;
			};
			name = Debug;
		};
		5DD7E5711BB12188000C28DD /* Release */ = {
			isa = XCBuildConfiguration;
			buildSettings = {
				ALWAYS_SEARCH_USER_PATHS = NO;
				CLANG_CXX_LANGUAGE_STANDARD = "gnu++0x";
				CLANG_CXX_LIBRARY = "libc++";
				CLANG_ENABLE_MODULES = YES;
				CLANG_ENABLE_OBJC_ARC = YES;
				CLANG_WARN_BOOL_CONVERSION = YES;
				CLANG_WARN_CONSTANT_CONVERSION = YES;
				CLANG_WARN_DIRECT_OBJC_ISA_USAGE = YES_ERROR;
				CLANG_WARN_EMPTY_BODY = YES;
				CLANG_WARN_ENUM_CONVERSION = YES;
				CLANG_WARN_INT_CONVERSION = YES;
				CLANG_WARN_OBJC_ROOT_CLASS = YES_ERROR;
				CLANG_WARN_UNREACHABLE_CODE = YES;
				CLANG_WARN__DUPLICATE_METHOD_MATCH = YES;
				"CODE_SIGN_IDENTITY[sdk=iphoneos*]" = "iPhone Developer";
				COPY_PHASE_STRIP = NO;
				DEBUG_INFORMATION_FORMAT = "dwarf-with-dsym";
				ENABLE_NS_ASSERTIONS = NO;
				ENABLE_STRICT_OBJC_MSGSEND = YES;
				GCC_C_LANGUAGE_STANDARD = gnu99;
				GCC_NO_COMMON_BLOCKS = YES;
				GCC_WARN_64_TO_32_BIT_CONVERSION = YES;
				GCC_WARN_ABOUT_RETURN_TYPE = YES_ERROR;
				GCC_WARN_UNDECLARED_SELECTOR = YES;
				GCC_WARN_UNINITIALIZED_AUTOS = YES_AGGRESSIVE;
				GCC_WARN_UNUSED_FUNCTION = YES;
				GCC_WARN_UNUSED_VARIABLE = YES;
				IPHONEOS_DEPLOYMENT_TARGET = 9.0;
				MTL_ENABLE_DEBUG_INFO = NO;
				SDKROOT = iphoneos;
				VALIDATE_PRODUCT = YES;
			};
			name = Release;
		};
		5DD7E5731BB12188000C28DD /* Debug */ = {
			isa = XCBuildConfiguration;
			buildSettings = {
				ASSETCATALOG_COMPILER_APPICON_NAME = AppIcon;
				INFOPLIST_FILE = runtime05/Info.plist;
				LD_RUNPATH_SEARCH_PATHS = "$(inherited) @executable_path/Frameworks";
				PRODUCT_BUNDLE_IDENTIFIER = com.qiudaxia.runtime05;
				PRODUCT_NAME = "$(TARGET_NAME)";
			};
			name = Debug;
		};
		5DD7E5741BB12188000C28DD /* Release */ = {
			isa = XCBuildConfiguration;
			buildSettings = {
				ASSETCATALOG_COMPILER_APPICON_NAME = AppIcon;
				INFOPLIST_FILE = runtime05/Info.plist;
				LD_RUNPATH_SEARCH_PATHS = "$(inherited) @executable_path/Frameworks";
				PRODUCT_BUNDLE_IDENTIFIER = com.qiudaxia.runtime05;
				PRODUCT_NAME = "$(TARGET_NAME)";
			};
			name = Release;
		};
/* End XCBuildConfiguration section */

/* Begin XCConfigurationList section */
		5DD7E5561BB12188000C28DD /* Build configuration list for PBXProject "runtime05" */ = {
			isa = XCConfigurationList;
			buildConfigurations = (
				5DD7E5701BB12188000C28DD /* Debug */,
				5DD7E5711BB12188000C28DD /* Release */,
			);
			defaultConfigurationIsVisible = 0;
			defaultConfigurationName = Release;
		};
		5DD7E5721BB12188000C28DD /* Build configuration list for PBXNativeTarget "runtime05" */ = {
			isa = XCConfigurationList;
			buildConfigurations = (
				5DD7E5731BB12188000C28DD /* Debug */,
				5DD7E5741BB12188000C28DD /* Release */,
			);
			defaultConfigurationIsVisible = 0;
		};
/* End XCConfigurationList section */
	};
	rootObject = 5DD7E5531BB12188000C28DD /* Project object */;
}
